
Microsoft Visual Studio Solution File, Format Version 12.00
# Visual Studio Version 17
VisualStudioVersion = 17.8.34330.188
MinimumVisualStudioVersion = 10.0.40219.1
Project("{FAE04EC0-301F-11D3-BF4B-00C04F79EFBC}") = "DDBPagination", "DDBPagination\DDBPagination.csproj", "{AA16C855-9CEC-4A30-9143-DFAAAA7A93BE}"
EndProject
Global
	GlobalSection(SolutionConfigurationPlatforms) = preSolution
		Debug|Any CPU = Debug|Any CPU
		Release|Any CPU = Release|Any CPU
	EndGlobalSection
	GlobalSection(ProjectConfigurationPlatforms) = postSolution
		{AA16C855-9CEC-4A30-9143-DFAAAA7A93BE}.Debug|Any CPU.ActiveCfg = Debug|Any CPU
		{AA16C855-9CEC-4A30-9143-DFAAAA7A93BE}.Debug|Any CPU.Build.0 = Debug|Any CPU
		{AA16C855-9CEC-4A30-9143-DFAAAA7A93BE}.Release|Any CPU.ActiveCfg = Release|Any CPU
		{AA16C855-9CEC-4A30-9143-DFAAAA7A93BE}.Release|Any CPU.Build.0 = Release|Any CPU
	EndGlobalSection
	GlobalSection(SolutionProperties) = preSolution
		HideSolutionNode = FALSE
	EndGlobalSection
	GlobalSection(ExtensibilityGlobals) = postSolution
		SolutionGuid = {DDC14439-A237-4382-A8E8-D18715EC534F}
	EndGlobalSection
EndGlobal
